
Microsoft Visual Studio Solution File, Format Version 12.00
# Visual Studio 15
VisualStudioVersion = 15.0.28307.1259
MinimumVisualStudioVersion = 10.0.40219.1
Project("{FAE04EC0-301F-11D3-BF4B-00C04F79EFBC}") = "TcpServ", "TcpServ\TcpServ.csproj", "{6664A17E-65EB-4369-9CE5-A06F19CCF324}"
EndProject
Project("{FAE04EC0-301F-11D3-BF4B-00C04F79EFBC}") = "TcpClient", "TcpClient\TcpClient.csproj", "{79026593-C7B7-4036-8D83-F015A0A4339F}"
EndProject
Project("{FAE04EC0-301F-11D3-BF4B-00C04F79EFBC}") = "MysqlTest", "MysqlTest\MysqlTest.csproj", "{BBCA82FB-2BB9-41DF-91E9-952AB4BD9D47}"
EndProject
Project("{FAE04EC0-301F-11D3-BF4B-00C04F79EFBC}") = "GameServer", "GameServer\GameServer.csproj", "{B7A52212-5021-4C16-8DEE-60401AF7DD50}"
EndProject
Project("{FAE04EC0-301F-11D3-BF4B-00C04F79EFBC}") = "Common", "Common\Common.csproj", "{E463F5B3-7F8B-4B21-BAB3-8545DD65A215}"
EndProject
Global
	GlobalSection(SolutionConfigurationPlatforms) = preSolution
		Debug|Any CPU = Debug|Any CPU
		Release|Any CPU = Release|Any CPU
	EndGlobalSection
	GlobalSection(ProjectConfigurationPlatforms) = postSolution
		{6664A17E-65EB-4369-9CE5-A06F19CCF324}.Debug|Any CPU.ActiveCfg = Debug|Any CPU
		{6664A17E-65EB-4369-9CE5-A06F19CCF324}.Debug|Any CPU.Build.0 = Debug|Any CPU
		{6664A17E-65EB-4369-9CE5-A06F19CCF324}.Release|Any CPU.ActiveCfg = Release|Any CPU
		{6664A17E-65EB-4369-9CE5-A06F19CCF324}.Release|Any CPU.Build.0 = Release|Any CPU
		{79026593-C7B7-4036-8D83-F015A0A4339F}.Debug|Any CPU.ActiveCfg = Debug|Any CPU
		{79026593-C7B7-4036-8D83-F015A0A4339F}.Debug|Any CPU.Build.0 = Debug|Any CPU
		{79026593-C7B7-4036-8D83-F015A0A4339F}.Release|Any CPU.ActiveCfg = Release|Any CPU
		{79026593-C7B7-4036-8D83-F015A0A4339F}.Release|Any CPU.Build.0 = Release|Any CPU
		{BBCA82FB-2BB9-41DF-91E9-952AB4BD9D47}.Debug|Any CPU.ActiveCfg = Debug|Any CPU
		{BBCA82FB-2BB9-41DF-91E9-952AB4BD9D47}.Debug|Any CPU.Build.0 = Debug|Any CPU
		{BBCA82FB-2BB9-41DF-91E9-952AB4BD9D47}.Release|Any CPU.ActiveCfg = Release|Any CPU
		{BBCA82FB-2BB9-41DF-91E9-952AB4BD9D47}.Release|Any CPU.Build.0 = Release|Any CPU
		{B7A52212-5021-4C16-8DEE-60401AF7DD50}.Debug|Any CPU.ActiveCfg = Debug|Any CPU
		{B7A52212-5021-4C16-8DEE-60401AF7DD50}.Debug|Any CPU.Build.0 = Debug|Any CPU
		{B7A52212-5021-4C16-8DEE-60401AF7DD50}.Release|Any CPU.ActiveCfg = Release|Any CPU
		{B7A52212-5021-4C16-8DEE-60401AF7DD50}.Release|Any CPU.Build.0 = Release|Any CPU
		{E463F5B3-7F8B-4B21-BAB3-8545DD65A215}.Debug|Any CPU.ActiveCfg = Debug|Any CPU
		{E463F5B3-7F8B-4B21-BAB3-8545DD65A215}.Debug|Any CPU.Build.0 = Debug|Any CPU
		{E463F5B3-7F8B-4B21-BAB3-8545DD65A215}.Release|Any CPU.ActiveCfg = Release|Any CPU
		{E463F5B3-7F8B-4B21-BAB3-8545DD65A215}.Release|Any CPU.Build.0 = Release|Any CPU
	EndGlobalSection
	GlobalSection(SolutionProperties) = preSolution
		HideSolutionNode = FALSE
	EndGlobalSection
	GlobalSection(ExtensibilityGlobals) = postSolution
		SolutionGuid = {047D5760-9491-42C0-90C9-D195D064AC42}
	EndGlobalSection
EndGlobal
